
Microsoft Visual Studio Solution File, Format Version 12.00
# Visual Studio Version 17
VisualStudioVersion = 17.9.34723.18
MinimumVisualStudioVersion = 10.0.40219.1
Project("{9A19103F-16F7-4668-BE54-9A1E7A4F7556}") = "OcelotAPIGateway", "OcelotAPIGateway\OcelotAPIGateway.csproj", "{90513CE3-7C0F-4BF6-B540-66C409B55E4E}"
EndProject
Project("{9A19103F-16F7-4668-BE54-9A1E7A4F7556}") = "ServiceA", "ServiceA\ServiceA.csproj", "{9A452315-261C-4453-8E9B-8FDD7C377BFF}"
EndProject
Project("{9A19103F-16F7-4668-BE54-9A1E7A4F7556}") = "ServiceB", "ServiceB\ServiceB.csproj", "{8F4AC4BD-1497-488D-83EB-9FC6CB97E31F}"
EndProject
Project("{FAE04EC0-301F-11D3-BF4B-00C04F79EFBC}") = "AuthService_JWT", "AuthService_JWT\AuthService_JWT.csproj", "{D7B2CE99-2554-4CDD-A10A-54BEC5D8662B}"
EndProject
Global
	GlobalSection(SolutionConfigurationPlatforms) = preSolution
		Debug|Any CPU = Debug|Any CPU
		Release|Any CPU = Release|Any CPU
	EndGlobalSection
	GlobalSection(ProjectConfigurationPlatforms) = postSolution
		{90513CE3-7C0F-4BF6-B540-66C409B55E4E}.Debug|Any CPU.ActiveCfg = Debug|Any CPU
		{90513CE3-7C0F-4BF6-B540-66C409B55E4E}.Debug|Any CPU.Build.0 = Debug|Any CPU
		{90513CE3-7C0F-4BF6-B540-66C409B55E4E}.Release|Any CPU.ActiveCfg = Release|Any CPU
		{90513CE3-7C0F-4BF6-B540-66C409B55E4E}.Release|Any CPU.Build.0 = Release|Any CPU
		{9A452315-261C-4453-8E9B-8FDD7C377BFF}.Debug|Any CPU.ActiveCfg = Debug|Any CPU
		{9A452315-261C-4453-8E9B-8FDD7C377BFF}.Debug|Any CPU.Build.0 = Debug|Any CPU
		{9A452315-261C-4453-8E9B-8FDD7C377BFF}.Release|Any CPU.ActiveCfg = Release|Any CPU
		{9A452315-261C-4453-8E9B-8FDD7C377BFF}.Release|Any CPU.Build.0 = Release|Any CPU
		{8F4AC4BD-1497-488D-83EB-9FC6CB97E31F}.Debug|Any CPU.ActiveCfg = Debug|Any CPU
		{8F4AC4BD-1497-488D-83EB-9FC6CB97E31F}.Debug|Any CPU.Build.0 = Debug|Any CPU
		{8F4AC4BD-1497-488D-83EB-9FC6CB97E31F}.Release|Any CPU.ActiveCfg = Release|Any CPU
		{8F4AC4BD-1497-488D-83EB-9FC6CB97E31F}.Release|Any CPU.Build.0 = Release|Any CPU
		{D7B2CE99-2554-4CDD-A10A-54BEC5D8662B}.Debug|Any CPU.ActiveCfg = Debug|Any CPU
		{D7B2CE99-2554-4CDD-A10A-54BEC5D8662B}.Debug|Any CPU.Build.0 = Debug|Any CPU
		{D7B2CE99-2554-4CDD-A10A-54BEC5D8662B}.Release|Any CPU.ActiveCfg = Release|Any CPU
		{D7B2CE99-2554-4CDD-A10A-54BEC5D8662B}.Release|Any CPU.Build.0 = Release|Any CPU
	EndGlobalSection
	GlobalSection(SolutionProperties) = preSolution
		HideSolutionNode = FALSE
	EndGlobalSection
	GlobalSection(ExtensibilityGlobals) = postSolution
		SolutionGuid = {D9CC5C1E-FC6E-4DBC-9FA6-A72B01B64C69}
	EndGlobalSection
EndGlobal
